
Microsoft Visual Studio Solution File, Format Version 12.00
# Visual Studio Version 16
VisualStudioVersion = 16.0.30011.22
MinimumVisualStudioVersion = 10.0.40219.1
Project("{FAE04EC0-301F-11D3-BF4B-00C04F79EFBC}") = "WEEK6", "WEEK6\WEEK6.csproj", "{7A11DA64-02ED-452D-9168-727E8DEF8929}"
EndProject
Global
	GlobalSection(SolutionConfigurationPlatforms) = preSolution
		Debug|Any CPU = Debug|Any CPU
		Release|Any CPU = Release|Any CPU
	EndGlobalSection
	GlobalSection(ProjectConfigurationPlatforms) = postSolution
		{7A11DA64-02ED-452D-9168-727E8DEF8929}.Debug|Any CPU.ActiveCfg = Debug|Any CPU
		{7A11DA64-02ED-452D-9168-727E8DEF8929}.Debug|Any CPU.Build.0 = Debug|Any CPU
		{7A11DA64-02ED-452D-9168-727E8DEF8929}.Release|Any CPU.ActiveCfg = Release|Any CPU
		{7A11DA64-02ED-452D-9168-727E8DEF8929}.Release|Any CPU.Build.0 = Release|Any CPU
	EndGlobalSection
	GlobalSection(SolutionProperties) = preSolution
		HideSolutionNode = FALSE
	EndGlobalSection
	GlobalSection(ExtensibilityGlobals) = postSolution
		SolutionGuid = {1782D4D8-6BE5-4341-B3A4-0CAA3D288E26}
	EndGlobalSection
EndGlobal
